
Microsoft Visual Studio Solution File, Format Version 12.00
# Visual Studio Version 16
VisualStudioVersion = 16.0.29009.5
MinimumVisualStudioVersion = 10.0.40219.1
Project("{FAE04EC0-301F-11D3-BF4B-00C04F79EFBC}") = "InterfaceAndPolymorphism", "Polymorphism\InterfaceAndPolymorphism.csproj", "{329108F8-3B8A-4853-8EAC-DF0BD8758D49}"
EndProject
Project("{FAE04EC0-301F-11D3-BF4B-00C04F79EFBC}") = "Inheritance", "Inheritance\Inheritance.csproj", "{EE8366FC-978E-4973-A17B-7B3F73BFD78A}"
EndProject
Global
	GlobalSection(SolutionConfigurationPlatforms) = preSolution
		Debug|Any CPU = Debug|Any CPU
		Release|Any CPU = Release|Any CPU
	EndGlobalSection
	GlobalSection(ProjectConfigurationPlatforms) = postSolution
		{329108F8-3B8A-4853-8EAC-DF0BD8758D49}.Debug|Any CPU.ActiveCfg = Debug|Any CPU
		{329108F8-3B8A-4853-8EAC-DF0BD8758D49}.Debug|Any CPU.Build.0 = Debug|Any CPU
		{329108F8-3B8A-4853-8EAC-DF0BD8758D49}.Release|Any CPU.ActiveCfg = Release|Any CPU
		{329108F8-3B8A-4853-8EAC-DF0BD8758D49}.Release|Any CPU.Build.0 = Release|Any CPU
		{EE8366FC-978E-4973-A17B-7B3F73BFD78A}.Debug|Any CPU.ActiveCfg = Debug|Any CPU
		{EE8366FC-978E-4973-A17B-7B3F73BFD78A}.Debug|Any CPU.Build.0 = Debug|Any CPU
		{EE8366FC-978E-4973-A17B-7B3F73BFD78A}.Release|Any CPU.ActiveCfg = Release|Any CPU
		{EE8366FC-978E-4973-A17B-7B3F73BFD78A}.Release|Any CPU.Build.0 = Release|Any CPU
	EndGlobalSection
	GlobalSection(SolutionProperties) = preSolution
		HideSolutionNode = FALSE
	EndGlobalSection
	GlobalSection(ExtensibilityGlobals) = postSolution
		SolutionGuid = {38AF6BFC-2D0F-4772-A775-701636264583}
	EndGlobalSection
EndGlobal
